
Microsoft Visual Studio Solution File, Format Version 12.00
# Visual Studio Version 16
VisualStudioVersion = 16.0.31702.278
MinimumVisualStudioVersion = 10.0.40219.1
Project("{FAE04EC0-301F-11D3-BF4B-00C04F79EFBC}") = "Paul_Lorena_Lab8", "Paul_Lorena_Lab8\Paul_Lorena_Lab8.csproj", "{5321300D-F9C2-42E5-836A-CC697B2F41DD}"
EndProject
Global
	GlobalSection(SolutionConfigurationPlatforms) = preSolution
		Debug|Any CPU = Debug|Any CPU
		Release|Any CPU = Release|Any CPU
	EndGlobalSection
	GlobalSection(ProjectConfigurationPlatforms) = postSolution
		{5321300D-F9C2-42E5-836A-CC697B2F41DD}.Debug|Any CPU.ActiveCfg = Debug|Any CPU
		{5321300D-F9C2-42E5-836A-CC697B2F41DD}.Debug|Any CPU.Build.0 = Debug|Any CPU
		{5321300D-F9C2-42E5-836A-CC697B2F41DD}.Release|Any CPU.ActiveCfg = Release|Any CPU
		{5321300D-F9C2-42E5-836A-CC697B2F41DD}.Release|Any CPU.Build.0 = Release|Any CPU
	EndGlobalSection
	GlobalSection(SolutionProperties) = preSolution
		HideSolutionNode = FALSE
	EndGlobalSection
	GlobalSection(ExtensibilityGlobals) = postSolution
		SolutionGuid = {1B4F37A1-E92E-4528-B05E-E37DA40EF628}
	EndGlobalSection
EndGlobal
